
Microsoft Visual Studio Solution File, Format Version 12.00
# Visual Studio Version 17
VisualStudioVersion = 17.9.34701.34
MinimumVisualStudioVersion = 10.0.40219.1
Project("{9A19103F-16F7-4668-BE54-9A1E7A4F7556}") = "EntityGenerator", "EntityGenerator.csproj", "{4C161ECA-5349-4EDF-AA8A-2C033264BF1F}"
EndProject
Global
	GlobalSection(SolutionConfigurationPlatforms) = preSolution
		Debug|Any CPU = Debug|Any CPU
		Release|Any CPU = Release|Any CPU
	EndGlobalSection
	GlobalSection(ProjectConfigurationPlatforms) = postSolution
		{4C161ECA-5349-4EDF-AA8A-2C033264BF1F}.Debug|Any CPU.ActiveCfg = Debug|Any CPU
		{4C161ECA-5349-4EDF-AA8A-2C033264BF1F}.Debug|Any CPU.Build.0 = Debug|Any CPU
		{4C161ECA-5349-4EDF-AA8A-2C033264BF1F}.Release|Any CPU.ActiveCfg = Release|Any CPU
		{4C161ECA-5349-4EDF-AA8A-2C033264BF1F}.Release|Any CPU.Build.0 = Release|Any CPU
	EndGlobalSection
	GlobalSection(SolutionProperties) = preSolution
		HideSolutionNode = FALSE
	EndGlobalSection
	GlobalSection(ExtensibilityGlobals) = postSolution
		SolutionGuid = {E48F0B92-689A-4416-BD96-79D985D70F57}
	EndGlobalSection
EndGlobal
